
Microsoft Visual Studio Solution File, Format Version 12.00
# Visual Studio Version 17
VisualStudioVersion = 17.2.32630.192
MinimumVisualStudioVersion = 10.0.40219.1
Project("{FAE04EC0-301F-11D3-BF4B-00C04F79EFBC}") = "webform", "webform.csproj", "{A1F75C5E-F012-41C0-A0D4-D92615BF6DD8}"
EndProject
Global
	GlobalSection(SolutionConfigurationPlatforms) = preSolution
		Debug|Any CPU = Debug|Any CPU
		Release|Any CPU = Release|Any CPU
	EndGlobalSection
	GlobalSection(ProjectConfigurationPlatforms) = postSolution
		{A1F75C5E-F012-41C0-A0D4-D92615BF6DD8}.Debug|Any CPU.ActiveCfg = Debug|Any CPU
		{A1F75C5E-F012-41C0-A0D4-D92615BF6DD8}.Debug|Any CPU.Build.0 = Debug|Any CPU
		{A1F75C5E-F012-41C0-A0D4-D92615BF6DD8}.Release|Any CPU.ActiveCfg = Release|Any CPU
		{A1F75C5E-F012-41C0-A0D4-D92615BF6DD8}.Release|Any CPU.Build.0 = Release|Any CPU
	EndGlobalSection
	GlobalSection(SolutionProperties) = preSolution
		HideSolutionNode = FALSE
	EndGlobalSection
	GlobalSection(ExtensibilityGlobals) = postSolution
		SolutionGuid = {124C17F0-1294-4E6F-867A-D91728E66935}
	EndGlobalSection
EndGlobal
