
Microsoft Visual Studio Solution File, Format Version 12.00
# Visual Studio Version 17
VisualStudioVersion = 17.2.32630.192
MinimumVisualStudioVersion = 10.0.40219.1
Project("{FAE04EC0-301F-11D3-BF4B-00C04F79EFBC}") = "usingscafolding", "usingscafolding.csproj", "{8CE1F444-0D58-4E4F-8368-DE6D952A6B32}"
EndProject
Global
	GlobalSection(SolutionConfigurationPlatforms) = preSolution
		Debug|Any CPU = Debug|Any CPU
		Release|Any CPU = Release|Any CPU
	EndGlobalSection
	GlobalSection(ProjectConfigurationPlatforms) = postSolution
		{8CE1F444-0D58-4E4F-8368-DE6D952A6B32}.Debug|Any CPU.ActiveCfg = Debug|Any CPU
		{8CE1F444-0D58-4E4F-8368-DE6D952A6B32}.Debug|Any CPU.Build.0 = Debug|Any CPU
		{8CE1F444-0D58-4E4F-8368-DE6D952A6B32}.Release|Any CPU.ActiveCfg = Release|Any CPU
		{8CE1F444-0D58-4E4F-8368-DE6D952A6B32}.Release|Any CPU.Build.0 = Release|Any CPU
	EndGlobalSection
	GlobalSection(SolutionProperties) = preSolution
		HideSolutionNode = FALSE
	EndGlobalSection
	GlobalSection(ExtensibilityGlobals) = postSolution
		SolutionGuid = {F6A3AAEC-CAC9-43C7-A8A9-CB5E6C8D81E6}
	EndGlobalSection
EndGlobal
