
Microsoft Visual Studio Solution File, Format Version 12.00
# Visual Studio Version 17
VisualStudioVersion = 17.2.32630.192
MinimumVisualStudioVersion = 10.0.40219.1
Project("{FAE04EC0-301F-11D3-BF4B-00C04F79EFBC}") = "sec2datadriventesting1.11", "sec2datadriventesting1.11.csproj", "{EE0E1CAC-7324-41A5-AAE2-40F6AB90F1A4}"
EndProject
Project("{FAE04EC0-301F-11D3-BF4B-00C04F79EFBC}") = "sec4datadriventesting1.11test", "..\sec4datadriventesting1.11test\sec4datadriventesting1.11test.csproj", "{C70563C9-C288-4C2E-B255-C53E35AA657A}"
EndProject
Global
	GlobalSection(SolutionConfigurationPlatforms) = preSolution
		Debug|Any CPU = Debug|Any CPU
		Release|Any CPU = Release|Any CPU
	EndGlobalSection
	GlobalSection(ProjectConfigurationPlatforms) = postSolution
		{EE0E1CAC-7324-41A5-AAE2-40F6AB90F1A4}.Debug|Any CPU.ActiveCfg = Debug|Any CPU
		{EE0E1CAC-7324-41A5-AAE2-40F6AB90F1A4}.Debug|Any CPU.Build.0 = Debug|Any CPU
		{EE0E1CAC-7324-41A5-AAE2-40F6AB90F1A4}.Release|Any CPU.ActiveCfg = Release|Any CPU
		{EE0E1CAC-7324-41A5-AAE2-40F6AB90F1A4}.Release|Any CPU.Build.0 = Release|Any CPU
		{C70563C9-C288-4C2E-B255-C53E35AA657A}.Debug|Any CPU.ActiveCfg = Debug|Any CPU
		{C70563C9-C288-4C2E-B255-C53E35AA657A}.Debug|Any CPU.Build.0 = Debug|Any CPU
		{C70563C9-C288-4C2E-B255-C53E35AA657A}.Release|Any CPU.ActiveCfg = Release|Any CPU
		{C70563C9-C288-4C2E-B255-C53E35AA657A}.Release|Any CPU.Build.0 = Release|Any CPU
	EndGlobalSection
	GlobalSection(SolutionProperties) = preSolution
		HideSolutionNode = FALSE
	EndGlobalSection
	GlobalSection(ExtensibilityGlobals) = postSolution
		SolutionGuid = {FE8F762B-7E37-4EBB-BAC2-066A3BE86B55}
	EndGlobalSection
EndGlobal
